
Microsoft Visual Studio Solution File, Format Version 12.00
# Visual Studio 15
VisualStudioVersion = 15.0.28307.1778
MinimumVisualStudioVersion = 10.0.40219.1
Project("{2150E333-8FDC-42A3-9474-1A3956D46DE8}") = "FW_AttributeTools", "FW_AttributeTools", "{F2B080E8-A3C5-46E2-8391-C976C3AA0732}"
EndProject
Project("{8BC9CEB8-8B4A-11D0-8D11-00A0C91BC942}") = "AttributeTools", "AttributeTools.vcxproj", "{13E52DFF-57EF-45D0-8DEF-49207D4440D1}"
EndProject
Project("{8BC9CEB8-8B4A-11D0-8D11-00A0C91BC942}") = "AttributeUtilities.m", "AttributeTools\AttributeUtilities.m.vcxproj", "{34063492-7CCD-496B-A2AB-71184F5E24BD}"
EndProject
Project("{2150E333-8FDC-42A3-9474-1A3956D46DE8}") = "FW_CAACOMACPPRFrm", "FW_CAACOMACPPRFrm", "{A594C96B-DA95-4BD9-9B3B-D238717A215C}"
EndProject
Project("{8BC9CEB8-8B4A-11D0-8D11-00A0C91BC942}") = "CAACOMACPPRFrm", "CAACOMACPPRFrm.vcxproj", "{8E4F43F4-42E5-42B9-B9ED-652C036E0BEB}"
EndProject
Project("{8BC9CEB8-8B4A-11D0-8D11-00A0C91BC942}") = "COMACCAABatchNewVersion.m", "CAACOMACPPRFrm\COMACCAABatchNewVersion.m.vcxproj", "{CC226166-4BDF-4988-86EE-B61EC47A8CB6}"
EndProject
Project("{8BC9CEB8-8B4A-11D0-8D11-00A0C91BC942}") = "COMACCommonMdl.m", "CAACOMACPPRFrm\COMACCommonMdl.m.vcxproj", "{A3FC6992-9719-4809-81A4-312F66E1E7B3}"
EndProject
Project("{8BC9CEB8-8B4A-11D0-8D11-00A0C91BC942}") = "COMACWIMdl.m", "CAACOMACPPRFrm\COMACWIMdl.m.vcxproj", "{A95ADE12-EDC8-4B32-8DA3-195AF22C21AF}"
EndProject
Project("{2150E333-8FDC-42A3-9474-1A3956D46DE8}") = "FW_CAACOMACPublicFrm", "FW_CAACOMACPublicFrm", "{4EE2DD94-5B82-441A-84E0-D9B62F62A1B0}"
EndProject
Project("{8BC9CEB8-8B4A-11D0-8D11-00A0C91BC942}") = "CAACOMACPublicFrm", "CAACOMACPublicFrm.vcxproj", "{AD496D07-40D4-4607-B2C0-D17B4B6A678D}"
EndProject
Project("{8BC9CEB8-8B4A-11D0-8D11-00A0C91BC942}") = "CAACOMACAddinMdl.m", "CAACOMACPublicFrm\CAACOMACAddinMdl.m.vcxproj", "{1DAA1693-0564-4080-A611-FD9A3178ED6D}"
EndProject
Project("{8BC9CEB8-8B4A-11D0-8D11-00A0C91BC942}") = "CAAUtilityMdl.m", "CAACOMACPublicFrm\CAAUtilityMdl.m.vcxproj", "{A4A25BC5-330A-4E7E-8B4E-F0EFD9120B28}"
EndProject
Project("{2150E333-8FDC-42A3-9474-1A3956D46DE8}") = "FW_CM_CUSAddin", "FW_CM_CUSAddin", "{429B46CD-0219-41E9-BCFA-05BC35CF77CD}"
EndProject
Project("{8BC9CEB8-8B4A-11D0-8D11-00A0C91BC942}") = "CM_CUSAddin", "CM_CUSAddin.vcxproj", "{41069656-6F6B-488D-8E84-290D66DC53BF}"
EndProject
Project("{8BC9CEB8-8B4A-11D0-8D11-00A0C91BC942}") = "CM_CUSManuEngAddin.m", "CM_CUSAddin\CM_CUSManuEngAddin.m.vcxproj", "{5FEEEE4E-444E-4CE7-9D04-6FC0ABA73E11}"
EndProject
Project("{2150E333-8FDC-42A3-9474-1A3956D46DE8}") = "FW_CM_ManuEngServiceFrm", "FW_CM_ManuEngServiceFrm", "{797F617F-DE63-4F4A-97DB-0DBA57F4C575}"
EndProject
Project("{8BC9CEB8-8B4A-11D0-8D11-00A0C91BC942}") = "CM_ManuEngServiceFrm", "CM_ManuEngServiceFrm.vcxproj", "{635550C8-E9AA-40C2-BD5A-4AA4C31FE4EE}"
EndProject
Project("{8BC9CEB8-8B4A-11D0-8D11-00A0C91BC942}") = "ProcessPlanningService.m", "CM_ManuEngServiceFrm\ProcessPlanningService.m.vcxproj", "{B249649F-F686-4F67-8F09-40239BA09B78}"
EndProject
Project("{2150E333-8FDC-42A3-9474-1A3956D46DE8}") = "FW_CM_UnitityService", "FW_CM_UnitityService", "{F1058AB5-B9A1-4B08-99E1-563C520EFA37}"
EndProject
Project("{8BC9CEB8-8B4A-11D0-8D11-00A0C91BC942}") = "CM_UnitityService", "CM_UnitityService.vcxproj", "{26883F4B-17A0-42A1-8265-00FD17FC01BF}"
EndProject
Project("{8BC9CEB8-8B4A-11D0-8D11-00A0C91BC942}") = "CUS_UtilFunc.m", "CM_UnitityService\CUS_UtilFunc.m.vcxproj", "{86E47C56-A972-429B-8E86-F50E4108B2CB}"
EndProject
Global
	GlobalSection(SolutionConfigurationPlatforms) = preSolution
		Debug|x64 = Debug|x64
		Debug|x86 = Debug|x86
		Release|x64 = Release|x64
		Release|x86 = Release|x86
	EndGlobalSection
	GlobalSection(ProjectConfigurationPlatforms) = postSolution
		{13E52DFF-57EF-45D0-8DEF-49207D4440D1}.Debug|x64.ActiveCfg = Debug|x64
		{13E52DFF-57EF-45D0-8DEF-49207D4440D1}.Debug|x64.Build.0 = Debug|x64
		{13E52DFF-57EF-45D0-8DEF-49207D4440D1}.Debug|x86.ActiveCfg = Debug|Win32
		{13E52DFF-57EF-45D0-8DEF-49207D4440D1}.Debug|x86.Build.0 = Debug|Win32
		{13E52DFF-57EF-45D0-8DEF-49207D4440D1}.Release|x64.ActiveCfg = Release|x64
		{13E52DFF-57EF-45D0-8DEF-49207D4440D1}.Release|x64.Build.0 = Release|x64
		{13E52DFF-57EF-45D0-8DEF-49207D4440D1}.Release|x86.ActiveCfg = Release|Win32
		{13E52DFF-57EF-45D0-8DEF-49207D4440D1}.Release|x86.Build.0 = Release|Win32
		{34063492-7CCD-496B-A2AB-71184F5E24BD}.Debug|x64.ActiveCfg = Debug|x64
		{34063492-7CCD-496B-A2AB-71184F5E24BD}.Debug|x64.Build.0 = Debug|x64
		{34063492-7CCD-496B-A2AB-71184F5E24BD}.Debug|x86.ActiveCfg = Debug|Win32
		{34063492-7CCD-496B-A2AB-71184F5E24BD}.Debug|x86.Build.0 = Debug|Win32
		{34063492-7CCD-496B-A2AB-71184F5E24BD}.Release|x64.ActiveCfg = Release|x64
		{34063492-7CCD-496B-A2AB-71184F5E24BD}.Release|x64.Build.0 = Release|x64
		{34063492-7CCD-496B-A2AB-71184F5E24BD}.Release|x86.ActiveCfg = Release|Win32
		{34063492-7CCD-496B-A2AB-71184F5E24BD}.Release|x86.Build.0 = Release|Win32
		{8E4F43F4-42E5-42B9-B9ED-652C036E0BEB}.Debug|x64.ActiveCfg = Debug|x64
		{8E4F43F4-42E5-42B9-B9ED-652C036E0BEB}.Debug|x64.Build.0 = Debug|x64
		{8E4F43F4-42E5-42B9-B9ED-652C036E0BEB}.Debug|x86.ActiveCfg = Debug|Win32
		{8E4F43F4-42E5-42B9-B9ED-652C036E0BEB}.Debug|x86.Build.0 = Debug|Win32
		{8E4F43F4-42E5-42B9-B9ED-652C036E0BEB}.Release|x64.ActiveCfg = Release|x64
		{8E4F43F4-42E5-42B9-B9ED-652C036E0BEB}.Release|x64.Build.0 = Release|x64
		{8E4F43F4-42E5-42B9-B9ED-652C036E0BEB}.Release|x86.ActiveCfg = Release|Win32
		{8E4F43F4-42E5-42B9-B9ED-652C036E0BEB}.Release|x86.Build.0 = Release|Win32
		{CC226166-4BDF-4988-86EE-B61EC47A8CB6}.Debug|x64.ActiveCfg = Debug|x64
		{CC226166-4BDF-4988-86EE-B61EC47A8CB6}.Debug|x64.Build.0 = Debug|x64
		{CC226166-4BDF-4988-86EE-B61EC47A8CB6}.Debug|x86.ActiveCfg = Debug|Win32
		{CC226166-4BDF-4988-86EE-B61EC47A8CB6}.Debug|x86.Build.0 = Debug|Win32
		{CC226166-4BDF-4988-86EE-B61EC47A8CB6}.Release|x64.ActiveCfg = Release|x64
		{CC226166-4BDF-4988-86EE-B61EC47A8CB6}.Release|x64.Build.0 = Release|x64
		{CC226166-4BDF-4988-86EE-B61EC47A8CB6}.Release|x86.ActiveCfg = Release|Win32
		{CC226166-4BDF-4988-86EE-B61EC47A8CB6}.Release|x86.Build.0 = Release|Win32
		{A3FC6992-9719-4809-81A4-312F66E1E7B3}.Debug|x64.ActiveCfg = Debug|x64
		{A3FC6992-9719-4809-81A4-312F66E1E7B3}.Debug|x64.Build.0 = Debug|x64
		{A3FC6992-9719-4809-81A4-312F66E1E7B3}.Debug|x86.ActiveCfg = Debug|Win32
		{A3FC6992-9719-4809-81A4-312F66E1E7B3}.Debug|x86.Build.0 = Debug|Win32
		{A3FC6992-9719-4809-81A4-312F66E1E7B3}.Release|x64.ActiveCfg = Release|x64
		{A3FC6992-9719-4809-81A4-312F66E1E7B3}.Release|x64.Build.0 = Release|x64
		{A3FC6992-9719-4809-81A4-312F66E1E7B3}.Release|x86.ActiveCfg = Release|Win32
		{A3FC6992-9719-4809-81A4-312F66E1E7B3}.Release|x86.Build.0 = Release|Win32
		{A95ADE12-EDC8-4B32-8DA3-195AF22C21AF}.Debug|x64.ActiveCfg = Debug|x64
		{A95ADE12-EDC8-4B32-8DA3-195AF22C21AF}.Debug|x64.Build.0 = Debug|x64
		{A95ADE12-EDC8-4B32-8DA3-195AF22C21AF}.Debug|x86.ActiveCfg = Debug|Win32
		{A95ADE12-EDC8-4B32-8DA3-195AF22C21AF}.Debug|x86.Build.0 = Debug|Win32
		{A95ADE12-EDC8-4B32-8DA3-195AF22C21AF}.Release|x64.ActiveCfg = Release|x64
		{A95ADE12-EDC8-4B32-8DA3-195AF22C21AF}.Release|x64.Build.0 = Release|x64
		{A95ADE12-EDC8-4B32-8DA3-195AF22C21AF}.Release|x86.ActiveCfg = Release|Win32
		{A95ADE12-EDC8-4B32-8DA3-195AF22C21AF}.Release|x86.Build.0 = Release|Win32
		{AD496D07-40D4-4607-B2C0-D17B4B6A678D}.Debug|x64.ActiveCfg = Debug|x64
		{AD496D07-40D4-4607-B2C0-D17B4B6A678D}.Debug|x64.Build.0 = Debug|x64
		{AD496D07-40D4-4607-B2C0-D17B4B6A678D}.Debug|x86.ActiveCfg = Debug|Win32
		{AD496D07-40D4-4607-B2C0-D17B4B6A678D}.Debug|x86.Build.0 = Debug|Win32
		{AD496D07-40D4-4607-B2C0-D17B4B6A678D}.Release|x64.ActiveCfg = Release|x64
		{AD496D07-40D4-4607-B2C0-D17B4B6A678D}.Release|x64.Build.0 = Release|x64
		{AD496D07-40D4-4607-B2C0-D17B4B6A678D}.Release|x86.ActiveCfg = Release|Win32
		{AD496D07-40D4-4607-B2C0-D17B4B6A678D}.Release|x86.Build.0 = Release|Win32
		{1DAA1693-0564-4080-A611-FD9A3178ED6D}.Debug|x64.ActiveCfg = Debug|x64
		{1DAA1693-0564-4080-A611-FD9A3178ED6D}.Debug|x64.Build.0 = Debug|x64
		{1DAA1693-0564-4080-A611-FD9A3178ED6D}.Debug|x86.ActiveCfg = Debug|Win32
		{1DAA1693-0564-4080-A611-FD9A3178ED6D}.Debug|x86.Build.0 = Debug|Win32
		{1DAA1693-0564-4080-A611-FD9A3178ED6D}.Release|x64.ActiveCfg = Release|x64
		{1DAA1693-0564-4080-A611-FD9A3178ED6D}.Release|x64.Build.0 = Release|x64
		{1DAA1693-0564-4080-A611-FD9A3178ED6D}.Release|x86.ActiveCfg = Release|Win32
		{1DAA1693-0564-4080-A611-FD9A3178ED6D}.Release|x86.Build.0 = Release|Win32
		{A4A25BC5-330A-4E7E-8B4E-F0EFD9120B28}.Debug|x64.ActiveCfg = Debug|x64
		{A4A25BC5-330A-4E7E-8B4E-F0EFD9120B28}.Debug|x64.Build.0 = Debug|x64
		{A4A25BC5-330A-4E7E-8B4E-F0EFD9120B28}.Debug|x86.ActiveCfg = Debug|Win32
		{A4A25BC5-330A-4E7E-8B4E-F0EFD9120B28}.Debug|x86.Build.0 = Debug|Win32
		{A4A25BC5-330A-4E7E-8B4E-F0EFD9120B28}.Release|x64.ActiveCfg = Release|x64
		{A4A25BC5-330A-4E7E-8B4E-F0EFD9120B28}.Release|x64.Build.0 = Release|x64
		{A4A25BC5-330A-4E7E-8B4E-F0EFD9120B28}.Release|x86.ActiveCfg = Release|Win32
		{A4A25BC5-330A-4E7E-8B4E-F0EFD9120B28}.Release|x86.Build.0 = Release|Win32
		{41069656-6F6B-488D-8E84-290D66DC53BF}.Debug|x64.ActiveCfg = Debug|x64
		{41069656-6F6B-488D-8E84-290D66DC53BF}.Debug|x64.Build.0 = Debug|x64
		{41069656-6F6B-488D-8E84-290D66DC53BF}.Debug|x86.ActiveCfg = Debug|Win32
		{41069656-6F6B-488D-8E84-290D66DC53BF}.Debug|x86.Build.0 = Debug|Win32
		{41069656-6F6B-488D-8E84-290D66DC53BF}.Release|x64.ActiveCfg = Release|x64
		{41069656-6F6B-488D-8E84-290D66DC53BF}.Release|x64.Build.0 = Release|x64
		{41069656-6F6B-488D-8E84-290D66DC53BF}.Release|x86.ActiveCfg = Release|Win32
		{41069656-6F6B-488D-8E84-290D66DC53BF}.Release|x86.Build.0 = Release|Win32
		{5FEEEE4E-444E-4CE7-9D04-6FC0ABA73E11}.Debug|x64.ActiveCfg = Debug|x64
		{5FEEEE4E-444E-4CE7-9D04-6FC0ABA73E11}.Debug|x64.Build.0 = Debug|x64
		{5FEEEE4E-444E-4CE7-9D04-6FC0ABA73E11}.Debug|x86.ActiveCfg = Debug|Win32
		{5FEEEE4E-444E-4CE7-9D04-6FC0ABA73E11}.Debug|x86.Build.0 = Debug|Win32
		{5FEEEE4E-444E-4CE7-9D04-6FC0ABA73E11}.Release|x64.ActiveCfg = Release|x64
		{5FEEEE4E-444E-4CE7-9D04-6FC0ABA73E11}.Release|x64.Build.0 = Release|x64
		{5FEEEE4E-444E-4CE7-9D04-6FC0ABA73E11}.Release|x86.ActiveCfg = Release|Win32
		{5FEEEE4E-444E-4CE7-9D04-6FC0ABA73E11}.Release|x86.Build.0 = Release|Win32
		{635550C8-E9AA-40C2-BD5A-4AA4C31FE4EE}.Debug|x64.ActiveCfg = Debug|x64
		{635550C8-E9AA-40C2-BD5A-4AA4C31FE4EE}.Debug|x64.Build.0 = Debug|x64
		{635550C8-E9AA-40C2-BD5A-4AA4C31FE4EE}.Debug|x86.ActiveCfg = Debug|Win32
		{635550C8-E9AA-40C2-BD5A-4AA4C31FE4EE}.Debug|x86.Build.0 = Debug|Win32
		{635550C8-E9AA-40C2-BD5A-4AA4C31FE4EE}.Release|x64.ActiveCfg = Release|x64
		{635550C8-E9AA-40C2-BD5A-4AA4C31FE4EE}.Release|x64.Build.0 = Release|x64
		{635550C8-E9AA-40C2-BD5A-4AA4C31FE4EE}.Release|x86.ActiveCfg = Release|Win32
		{635550C8-E9AA-40C2-BD5A-4AA4C31FE4EE}.Release|x86.Build.0 = Release|Win32
		{B249649F-F686-4F67-8F09-40239BA09B78}.Debug|x64.ActiveCfg = Debug|x64
		{B249649F-F686-4F67-8F09-40239BA09B78}.Debug|x64.Build.0 = Debug|x64
		{B249649F-F686-4F67-8F09-40239BA09B78}.Debug|x86.ActiveCfg = Debug|Win32
		{B249649F-F686-4F67-8F09-40239BA09B78}.Debug|x86.Build.0 = Debug|Win32
		{B249649F-F686-4F67-8F09-40239BA09B78}.Release|x64.ActiveCfg = Release|x64
		{B249649F-F686-4F67-8F09-40239BA09B78}.Release|x64.Build.0 = Release|x64
		{B249649F-F686-4F67-8F09-40239BA09B78}.Release|x86.ActiveCfg = Release|Win32
		{B249649F-F686-4F67-8F09-40239BA09B78}.Release|x86.Build.0 = Release|Win32
		{26883F4B-17A0-42A1-8265-00FD17FC01BF}.Debug|x64.ActiveCfg = Debug|x64
		{26883F4B-17A0-42A1-8265-00FD17FC01BF}.Debug|x64.Build.0 = Debug|x64
		{26883F4B-17A0-42A1-8265-00FD17FC01BF}.Debug|x86.ActiveCfg = Debug|Win32
		{26883F4B-17A0-42A1-8265-00FD17FC01BF}.Debug|x86.Build.0 = Debug|Win32
		{26883F4B-17A0-42A1-8265-00FD17FC01BF}.Release|x64.ActiveCfg = Release|x64
		{26883F4B-17A0-42A1-8265-00FD17FC01BF}.Release|x64.Build.0 = Release|x64
		{26883F4B-17A0-42A1-8265-00FD17FC01BF}.Release|x86.ActiveCfg = Release|Win32
		{26883F4B-17A0-42A1-8265-00FD17FC01BF}.Release|x86.Build.0 = Release|Win32
		{86E47C56-A972-429B-8E86-F50E4108B2CB}.Debug|x64.ActiveCfg = Debug|x64
		{86E47C56-A972-429B-8E86-F50E4108B2CB}.Debug|x64.Build.0 = Debug|x64
		{86E47C56-A972-429B-8E86-F50E4108B2CB}.Debug|x86.ActiveCfg = Debug|Win32
		{86E47C56-A972-429B-8E86-F50E4108B2CB}.Debug|x86.Build.0 = Debug|Win32
		{86E47C56-A972-429B-8E86-F50E4108B2CB}.Release|x64.ActiveCfg = Release|x64
		{86E47C56-A972-429B-8E86-F50E4108B2CB}.Release|x64.Build.0 = Release|x64
		{86E47C56-A972-429B-8E86-F50E4108B2CB}.Release|x86.ActiveCfg = Release|Win32
		{86E47C56-A972-429B-8E86-F50E4108B2CB}.Release|x86.Build.0 = Release|Win32
	EndGlobalSection
	GlobalSection(SolutionProperties) = preSolution
		HideSolutionNode = FALSE
	EndGlobalSection
	GlobalSection(NestedProjects) = preSolution
		{13E52DFF-57EF-45D0-8DEF-49207D4440D1} = {F2B080E8-A3C5-46E2-8391-C976C3AA0732}
		{34063492-7CCD-496B-A2AB-71184F5E24BD} = {F2B080E8-A3C5-46E2-8391-C976C3AA0732}
		{8E4F43F4-42E5-42B9-B9ED-652C036E0BEB} = {A594C96B-DA95-4BD9-9B3B-D238717A215C}
		{CC226166-4BDF-4988-86EE-B61EC47A8CB6} = {A594C96B-DA95-4BD9-9B3B-D238717A215C}
		{A3FC6992-9719-4809-81A4-312F66E1E7B3} = {A594C96B-DA95-4BD9-9B3B-D238717A215C}
		{A95ADE12-EDC8-4B32-8DA3-195AF22C21AF} = {A594C96B-DA95-4BD9-9B3B-D238717A215C}
		{AD496D07-40D4-4607-B2C0-D17B4B6A678D} = {4EE2DD94-5B82-441A-84E0-D9B62F62A1B0}
		{1DAA1693-0564-4080-A611-FD9A3178ED6D} = {4EE2DD94-5B82-441A-84E0-D9B62F62A1B0}
		{A4A25BC5-330A-4E7E-8B4E-F0EFD9120B28} = {4EE2DD94-5B82-441A-84E0-D9B62F62A1B0}
		{41069656-6F6B-488D-8E84-290D66DC53BF} = {429B46CD-0219-41E9-BCFA-05BC35CF77CD}
		{5FEEEE4E-444E-4CE7-9D04-6FC0ABA73E11} = {429B46CD-0219-41E9-BCFA-05BC35CF77CD}
		{635550C8-E9AA-40C2-BD5A-4AA4C31FE4EE} = {797F617F-DE63-4F4A-97DB-0DBA57F4C575}
		{B249649F-F686-4F67-8F09-40239BA09B78} = {797F617F-DE63-4F4A-97DB-0DBA57F4C575}
		{26883F4B-17A0-42A1-8265-00FD17FC01BF} = {F1058AB5-B9A1-4B08-99E1-563C520EFA37}
		{86E47C56-A972-429B-8E86-F50E4108B2CB} = {F1058AB5-B9A1-4B08-99E1-563C520EFA37}
	EndGlobalSection
	GlobalSection(ExtensibilityGlobals) = postSolution
		SolutionGuid = {C53EC2C0-C9F6-4A95-8633-3C19AB205858}
	EndGlobalSection
EndGlobal
