<?xml version="1.0" encoding="utf-8"?>
<Project ToolsVersion="4.0" xmlns="http://schemas.microsoft.com/developer/msbuild/2003">
  <ItemGroup>
    <Filter Include="LocalInterfaces">
      <UniqueIdentifier>{05c7c41c-03f8-479e-b665-2eb99c579bed}</UniqueIdentifier>
    </Filter>
    <Filter Include="src">
      <UniqueIdentifier>{b958f52c-82aa-45b6-b061-162dc6087abb}</UniqueIdentifier>
    </Filter>
  </ItemGroup>
  <ItemGroup>
    <ClCompile Include="..\..\..\CAACOMACPPRFrm\COMACWIMdl.m\src\COMACView2PicCmd.cpp">
      <Filter>src</Filter>
    </ClCompile>
    <None Include="..\..\..\CAACOMACPPRFrm\COMACWIMdl.m\Imakefile.mk">
      <Filter>
      </Filter>
    </None>
  </ItemGroup>
</Project>